
Microsoft Visual Studio Solution File, Format Version 12.00
# Visual Studio 15
VisualStudioVersion = 15.0.28010.2016
MinimumVisualStudioVersion = 10.0.40219.1
Project("{8BC9CEB8-8B4A-11D0-8D11-00A0C91BC942}") = "Tunnels of Terror", "Tunnels of Terror.vcxproj", "{C8CF5F12-07EB-47CC-8282-1F8C6EED9AAE}"
EndProject
Global
	GlobalSection(SolutionConfigurationPlatforms) = preSolution
		Debug|x64 = Debug|x64
		Debug|x86 = Debug|x86
		Release|x64 = Release|x64
		Release|x86 = Release|x86
	EndGlobalSection
	GlobalSection(ProjectConfigurationPlatforms) = postSolution
		{C8CF5F12-07EB-47CC-8282-1F8C6EED9AAE}.Debug|x64.ActiveCfg = Debug|x64
		{C8CF5F12-07EB-47CC-8282-1F8C6EED9AAE}.Debug|x64.Build.0 = Debug|x64
		{C8CF5F12-07EB-47CC-8282-1F8C6EED9AAE}.Debug|x86.ActiveCfg = Debug|Win32
		{C8CF5F12-07EB-47CC-8282-1F8C6EED9AAE}.Debug|x86.Build.0 = Debug|Win32
		{C8CF5F12-07EB-47CC-8282-1F8C6EED9AAE}.Release|x64.ActiveCfg = Release|x64
		{C8CF5F12-07EB-47CC-8282-1F8C6EED9AAE}.Release|x64.Build.0 = Release|x64
		{C8CF5F12-07EB-47CC-8282-1F8C6EED9AAE}.Release|x86.ActiveCfg = Release|Win32
		{C8CF5F12-07EB-47CC-8282-1F8C6EED9AAE}.Release|x86.Build.0 = Release|Win32
	EndGlobalSection
	GlobalSection(SolutionProperties) = preSolution
		HideSolutionNode = FALSE
	EndGlobalSection
	GlobalSection(ExtensibilityGlobals) = postSolution
		SolutionGuid = {D3DA5BDF-9CF0-40CC-8AF0-B296956835F5}
	EndGlobalSection
EndGlobal
